
Microsoft Visual Studio Solution File, Format Version 12.00
# Visual Studio Version 16
VisualStudioVersion = 16.0.30011.22
MinimumVisualStudioVersion = 10.0.40219.1
Project("{9A19103F-16F7-4668-BE54-9A1E7A4F7556}") = "AutoLotMVC_Core2", "AutoLotMVC_Core2\AutoLotMVC_Core2.csproj", "{F71DB466-D565-477A-A6FA-93520B83099C}"
EndProject
Project("{9A19103F-16F7-4668-BE54-9A1E7A4F7556}") = "AutoLotDAL_Core2.Models", "AutoLotDAL_Core2.Models\AutoLotDAL_Core2.Models.csproj", "{42F3F3EE-3261-47B4-A21A-B13891BFCBF9}"
EndProject
Project("{9A19103F-16F7-4668-BE54-9A1E7A4F7556}") = "AutoLotDAL_Core2", "AutoLotDAL_Core2\AutoLotDAL_Core2.csproj", "{3B268866-2E2C-4112-A108-A42911417BFD}"
EndProject
Global
	GlobalSection(SolutionConfigurationPlatforms) = preSolution
		Debug|Any CPU = Debug|Any CPU
		Release|Any CPU = Release|Any CPU
	EndGlobalSection
	GlobalSection(ProjectConfigurationPlatforms) = postSolution
		{F71DB466-D565-477A-A6FA-93520B83099C}.Debug|Any CPU.ActiveCfg = Debug|Any CPU
		{F71DB466-D565-477A-A6FA-93520B83099C}.Debug|Any CPU.Build.0 = Debug|Any CPU
		{F71DB466-D565-477A-A6FA-93520B83099C}.Release|Any CPU.ActiveCfg = Release|Any CPU
		{F71DB466-D565-477A-A6FA-93520B83099C}.Release|Any CPU.Build.0 = Release|Any CPU
		{42F3F3EE-3261-47B4-A21A-B13891BFCBF9}.Debug|Any CPU.ActiveCfg = Debug|Any CPU
		{42F3F3EE-3261-47B4-A21A-B13891BFCBF9}.Debug|Any CPU.Build.0 = Debug|Any CPU
		{42F3F3EE-3261-47B4-A21A-B13891BFCBF9}.Release|Any CPU.ActiveCfg = Release|Any CPU
		{42F3F3EE-3261-47B4-A21A-B13891BFCBF9}.Release|Any CPU.Build.0 = Release|Any CPU
		{3B268866-2E2C-4112-A108-A42911417BFD}.Debug|Any CPU.ActiveCfg = Debug|Any CPU
		{3B268866-2E2C-4112-A108-A42911417BFD}.Debug|Any CPU.Build.0 = Debug|Any CPU
		{3B268866-2E2C-4112-A108-A42911417BFD}.Release|Any CPU.ActiveCfg = Release|Any CPU
		{3B268866-2E2C-4112-A108-A42911417BFD}.Release|Any CPU.Build.0 = Release|Any CPU
	EndGlobalSection
	GlobalSection(SolutionProperties) = preSolution
		HideSolutionNode = FALSE
	EndGlobalSection
	GlobalSection(ExtensibilityGlobals) = postSolution
		SolutionGuid = {032253A0-8E2F-40B6-9418-7F69CF3FB6AB}
	EndGlobalSection
EndGlobal
